// !$*UTF8*$!
{
	archiveVersion = 1;
	classes = {
	};
	objectVersion = 55;
	objects = {

/* Begin PBXBuildFile section */
		6E8B7B66271F460B0040EBE2 /* Sequence_AnalysisApp.swift in Sources */ = {isa = PBXBuildFile; fileRef = 6E8B7B65271F460B0040EBE2 /* Sequence_AnalysisApp.swift */; };
		6E8B7B68271F460B0040EBE2 /* ContentView.swift in Sources */ = {isa = PBXBuildFile; fileRef = 6E8B7B67271F460B0040EBE2 /* ContentView.swift */; };
		6E8B7B6A271F460D0040EBE2 /* Assets.xcassets in Resources */ = {isa = PBXBuildFile; fileRef = 6E8B7B69271F460D0040EBE2 /* Assets.xcassets */; };
		6E8B7B6D271F460D0040EBE2 /* Preview Assets.xcassets in Resources */ = {isa = PBXBuildFile; fileRef = 6E8B7B6C271F460D0040EBE2 /* Preview Assets.xcassets */; };
		6E8B7B78271F460D0040EBE2 /* Sequence_AnalysisTests.swift in Sources */ = {isa = PBXBuildFile; fileRef = 6E8B7B77271F460D0040EBE2 /* Sequence_AnalysisTests.swift */; };
		6E8B7B82271F460D0040EBE2 /* Sequence_AnalysisUITests.swift in Sources */ = {isa = PBXBuildFile; fileRef = 6E8B7B81271F460D0040EBE2 /* Sequence_AnalysisUITests.swift */; };
		6E8B7B84271F460D0040EBE2 /* Sequence_AnalysisUITestsLaunchTests.swift in Sources */ = {isa = PBXBuildFile; fileRef = 6E8B7B83271F460D0040EBE2 /* Sequence_AnalysisUITestsLaunchTests.swift */; };
/* End PBXBuildFile section */

/* Begin PBXContainerItemProxy section */
		6E8B7B74271F460D0040EBE2 /* PBXContainerItemProxy */ = {
			isa = PBXContainerItemProxy;
			containerPortal = 6E8B7B5A271F460B0040EBE2 /* Project object */;
			proxyType = 1;
			remoteGlobalIDString = 6E8B7B61271F460B0040EBE2;
			remoteInfo = "Sequence Analysis";
		};
		6E8B7B7E271F460D0040EBE2 /* PBXContainerItemProxy */ = {
			isa = PBXContainerItemProxy;
			containerPortal = 6E8B7B5A271F460B0040EBE2 /* Project object */;
			proxyType = 1;
			remoteGlobalIDString = 6E8B7B61271F460B0040EBE2;
			remoteInfo = "Sequence Analysis";
		};
/* End PBXContainerItemProxy section */

/* Begin PBXFileReference section */
		6E8B7B62271F460B0040EBE2 /* Sequence Analysis.app */ = {isa = PBXFileReference; explicitFileType = wrapper.application; includeInIndex = 0; path = "Sequence Analysis.app"; sourceTree = BUILT_PRODUCTS_DIR; };
		6E8B7B65271F460B0040EBE2 /* Sequence_AnalysisApp.swift */ = {isa = PBXFileReference; lastKnownFileType = sourcecode.swift; path = Sequence_AnalysisApp.swift; sourceTree = "<group>"; };
		6E8B7B67271F460B0040EBE2 /* ContentView.swift */ = {isa = PBXFileReference; lastKnownFileType = sourcecode.swift; path = ContentView.swift; sourceTree = "<group>"; };
		6E8B7B69271F460D0040EBE2 /* Assets.xcassets */ = {isa = PBXFileReference; lastKnownFileType = folder.assetcatalog; path = Assets.xcassets; sourceTree = "<group>"; };
		6E8B7B6C271F460D0040EBE2 /* Preview Assets.xcassets */ = {isa = PBXFileReference; lastKnownFileType = folder.assetcatalog; path = "Preview Assets.xcassets"; sourceTree = "<group>"; };
		6E8B7B6E271F460D0040EBE2 /* Sequence_Analysis.entitlements */ = {isa = PBXFileReference; lastKnownFileType = text.plist.entitlements; path = Sequence_Analysis.entitlements; sourceTree = "<group>"; };
		6E8B7B73271F460D0040EBE2 /* Sequence AnalysisTests.xctest */ = {isa = PBXFileReference; explicitFileType = wrapper.cfbundle; includeInIndex = 0; path = "Sequence AnalysisTests.xctest"; sourceTree = BUILT_PRODUCTS_DIR; };
		6E8B7B77271F460D0040EBE2 /* Sequence_AnalysisTests.swift */ = {isa = PBXFileReference; lastKnownFileType = sourcecode.swift; path = Sequence_AnalysisTests.swift; sourceTree = "<group>"; };
		6E8B7B7D271F460D0040EBE2 /* Sequence AnalysisUITests.xctest */ = {isa = PBXFileReference; explicitFileType = wrapper.cfbundle; includeInIndex = 0; path = "Sequence AnalysisUITests.xctest"; sourceTree = BUILT_PRODUCTS_DIR; };
		6E8B7B81271F460D0040EBE2 /* Sequence_AnalysisUITests.swift */ = {isa = PBXFileReference; lastKnownFileType = sourcecode.swift; path = Sequence_AnalysisUITests.swift; sourceTree = "<group>"; };
		6E8B7B83271F460D0040EBE2 /* Sequence_AnalysisUITestsLaunchTests.swift */ = {isa = PBXFileReference; lastKnownFileType = sourcecode.swift; path = Sequence_AnalysisUITestsLaunchTests.swift; sourceTree = "<group>"; };
/* End PBXFileReference section */

/* Begin PBXFrameworksBuildPhase section */
		6E8B7B5F271F460B0040EBE2 /* Frameworks */ = {
			isa = PBXFrameworksBuildPhase;
			buildActionMask = 2147483647;
			files = (
			);
			runOnlyForDeploymentPostprocessing = 0;
		};
		6E8B7B70271F460D0040EBE2 /* Frameworks */ = {
			isa = PBXFrameworksBuildPhase;
			buildActionMask = 2147483647;
			files = (
			);
			runOnlyForDeploymentPostprocessing = 0;
		};
		6E8B7B7A271F460D0040EBE2 /* Frameworks */ = {
			isa = PBXFrameworksBuildPhase;
			buildActionMask = 2147483647;
			files = (
			);
			runOnlyForDeploymentPostprocessing = 0;
		};
/* End PBXFrameworksBuildPhase section */

/* Begin PBXGroup section */
		6E8B7B59271F460B0040EBE2 = {
			isa = PBXGroup;
			children = (
				6E8B7B64271F460B0040EBE2 /* Sequence Analysis */,
				6E8B7B76271F460D0040EBE2 /* Sequence AnalysisTests */,
				6E8B7B80271F460D0040EBE2 /* Sequence AnalysisUITests */,
				6E8B7B63271F460B0040EBE2 /* Products */,
			);
			sourceTree = "<group>";
		};
		6E8B7B63271F460B0040EBE2 /* Products */ = {
			isa = PBXGroup;
			children = (
				6E8B7B62271F460B0040EBE2 /* Sequence Analysis.app */,
				6E8B7B73271F460D0040EBE2 /* Sequence AnalysisTests.xctest */,
				6E8B7B7D271F460D0040EBE2 /* Sequence AnalysisUITests.xctest */,
			);
			name = Products;
			sourceTree = "<group>";
		};
		6E8B7B64271F460B0040EBE2 /* Sequence Analysis */ = {
			isa = PBXGroup;
			children = (
				6E8B7B65271F460B0040EBE2 /* Sequence_AnalysisApp.swift */,
				6E8B7B67271F460B0040EBE2 /* ContentView.swift */,
				6E8B7B69271F460D0040EBE2 /* Assets.xcassets */,
				6E8B7B6E271F460D0040EBE2 /* Sequence_Analysis.entitlements */,
				6E8B7B6B271F460D0040EBE2 /* Preview Content */,
			);
			path = "Sequence Analysis";
			sourceTree = "<group>";
		};
		6E8B7B6B271F460D0040EBE2 /* Preview Content */ = {
			isa = PBXGroup;
			children = (
				6E8B7B6C271F460D0040EBE2 /* Preview Assets.xcassets */,
			);
			path = "Preview Content";
			sourceTree = "<group>";
		};
		6E8B7B76271F460D0040EBE2 /* Sequence AnalysisTests */ = {
			isa = PBXGroup;
			children = (
				6E8B7B77271F460D0040EBE2 /* Sequence_AnalysisTests.swift */,
			);
			path = "Sequence AnalysisTests";
			sourceTree = "<group>";
		};
		6E8B7B80271F460D0040EBE2 /* Sequence AnalysisUITests */ = {
			isa = PBXGroup;
			children = (
				6E8B7B81271F460D0040EBE2 /* Sequence_AnalysisUITests.swift */,
				6E8B7B83271F460D0040EBE2 /* Sequence_AnalysisUITestsLaunchTests.swift */,
			);
			path = "Sequence AnalysisUITests";
			sourceTree = "<group>";
		};
/* End PBXGroup section */

/* Begin PBXNativeTarget section */
		6E8B7B61271F460B0040EBE2 /* Sequence Analysis */ = {
			isa = PBXNativeTarget;
			buildConfigurationList = 6E8B7B87271F460D0040EBE2 /* Build configuration list for PBXNativeTarget "Sequence Analysis" */;
			buildPhases = (
				6E8B7B5E271F460B0040EBE2 /* Sources */,
				6E8B7B5F271F460B0040EBE2 /* Frameworks */,
				6E8B7B60271F460B0040EBE2 /* Resources */,
			);
			buildRules = (
			);
			dependencies = (
			);
			name = "Sequence Analysis";
			productName = "Sequence Analysis";
			productReference = 6E8B7B62271F460B0040EBE2 /* Sequence Analysis.app */;
			productType = "com.apple.product-type.application";
		};
		6E8B7B72271F460D0040EBE2 /* Sequence AnalysisTests */ = {
			isa = PBXNativeTarget;
			buildConfigurationList = 6E8B7B8A271F460D0040EBE2 /* Build configuration list for PBXNativeTarget "Sequence AnalysisTests" */;
			buildPhases = (
				6E8B7B6F271F460D0040EBE2 /* Sources */,
				6E8B7B70271F460D0040EBE2 /* Frameworks */,
				6E8B7B71271F460D0040EBE2 /* Resources */,
			);
			buildRules = (
			);
			dependencies = (
				6E8B7B75271F460D0040EBE2 /* PBXTargetDependency */,
			);
			name = "Sequence AnalysisTests";
			productName = "Sequence AnalysisTests";
			productReference = 6E8B7B73271F460D0040EBE2 /* Sequence AnalysisTests.xctest */;
			productType = "com.apple.product-type.bundle.unit-test";
		};
		6E8B7B7C271F460D0040EBE2 /* Sequence AnalysisUITests */ = {
			isa = PBXNativeTarget;
			buildConfigurationList = 6E8B7B8D271F460D0040EBE2 /* Build configuration list for PBXNativeTarget "Sequence AnalysisUITests" */;
			buildPhases = (
				6E8B7B79271F460D0040EBE2 /* Sources */,
				6E8B7B7A271F460D0040EBE2 /* Frameworks */,
				6E8B7B7B271F460D0040EBE2 /* Resources */,
			);
			buildRules = (
			);
			dependencies = (
				6E8B7B7F271F460D0040EBE2 /* PBXTargetDependency */,
			);
			name = "Sequence AnalysisUITests";
			productName = "Sequence AnalysisUITests";
			productReference = 6E8B7B7D271F460D0040EBE2 /* Sequence AnalysisUITests.xctest */;
			productType = "com.apple.product-type.bundle.ui-testing";
		};
/* End PBXNativeTarget section */

/* Begin PBXProject section */
		6E8B7B5A271F460B0040EBE2 /* Project object */ = {
			isa = PBXProject;
			attributes = {
				BuildIndependentTargetsInParallel = 1;
				LastSwiftUpdateCheck = 1300;
				LastUpgradeCheck = 1300;
				TargetAttributes = {
					6E8B7B61271F460B0040EBE2 = {
						CreatedOnToolsVersion = 13.0;
					};
					6E8B7B72271F460D0040EBE2 = {
						CreatedOnToolsVersion = 13.0;
						TestTargetID = 6E8B7B61271F460B0040EBE2;
					};
					6E8B7B7C271F460D0040EBE2 = {
						CreatedOnToolsVersion = 13.0;
						TestTargetID = 6E8B7B61271F460B0040EBE2;
					};
				};
			};
			buildConfigurationList = 6E8B7B5D271F460B0040EBE2 /* Build configuration list for PBXProject "Sequence Analysis" */;
			compatibilityVersion = "Xcode 13.0";
			developmentRegion = en;
			hasScannedForEncodings = 0;
			knownRegions = (
				en,
				Base,
			);
			mainGroup = 6E8B7B59271F460B0040EBE2;
			productRefGroup = 6E8B7B63271F460B0040EBE2 /* Products */;
			projectDirPath = "";
			projectRoot = "";
			targets = (
				6E8B7B61271F460B0040EBE2 /* Sequence Analysis */,
				6E8B7B72271F460D0040EBE2 /* Sequence AnalysisTests */,
				6E8B7B7C271F460D0040EBE2 /* Sequence AnalysisUITests */,
			);
		};
/* End PBXProject section */

/* Begin PBXResourcesBuildPhase section */
		6E8B7B60271F460B0040EBE2 /* Resources */ = {
			isa = PBXResourcesBuildPhase;
			buildActionMask = 2147483647;
			files = (
				6E8B7B6D271F460D0040EBE2 /* Preview Assets.xcassets in Resources */,
				6E8B7B6A271F460D0040EBE2 /* Assets.xcassets in Resources */,
			);
			runOnlyForDeploymentPostprocessing = 0;
		};
		6E8B7B71271F460D0040EBE2 /* Resources */ = {
			isa = PBXResourcesBuildPhase;
			buildActionMask = 2147483647;
			files = (
			);
			runOnlyForDeploymentPostprocessing = 0;
		};
		6E8B7B7B271F460D0040EBE2 /* Resources */ = {
			isa = PBXResourcesBuildPhase;
			buildActionMask = 2147483647;
			files = (
			);
			runOnlyForDeploymentPostprocessing = 0;
		};
/* End PBXResourcesBuildPhase section */

/* Begin PBXSourcesBuildPhase section */
		6E8B7B5E271F460B0040EBE2 /* Sources */ = {
			isa = PBXSourcesBuildPhase;
			buildActionMask = 2147483647;
			files = (
				6E8B7B68271F460B0040EBE2 /* ContentView.swift in Sources */,
				6E8B7B66271F460B0040EBE2 /* Sequence_AnalysisApp.swift in Sources */,
			);
			runOnlyForDeploymentPostprocessing = 0;
		};
		6E8B7B6F271F460D0040EBE2 /* Sources */ = {
			isa = PBXSourcesBuildPhase;
			buildActionMask = 2147483647;
			files = (
				6E8B7B78271F460D0040EBE2 /* Sequence_AnalysisTests.swift in Sources */,
			);
			runOnlyForDeploymentPostprocessing = 0;
		};
		6E8B7B79271F460D0040EBE2 /* Sources */ = {
			isa = PBXSourcesBuildPhase;
			buildActionMask = 2147483647;
			files = (
				6E8B7B82271F460D0040EBE2 /* Sequence_AnalysisUITests.swift in Sources */,
				6E8B7B84271F460D0040EBE2 /* Sequence_AnalysisUITestsLaunchTests.swift in Sources */,
			);
			runOnlyForDeploymentPostprocessing = 0;
		};
/* End PBXSourcesBuildPhase section */

/* Begin PBXTargetDependency section */
		6E8B7B75271F460D0040EBE2 /* PBXTargetDependency */ = {
			isa = PBXTargetDependency;
			target = 6E8B7B61271F460B0040EBE2 /* Sequence Analysis */;
			targetProxy = 6E8B7B74271F460D0040EBE2 /* PBXContainerItemProxy */;
		};
		6E8B7B7F271F460D0040EBE2 /* PBXTargetDependency */ = {
			isa = PBXTargetDependency;
			target = 6E8B7B61271F460B0040EBE2 /* Sequence Analysis */;
			targetProxy = 6E8B7B7E271F460D0040EBE2 /* PBXContainerItemProxy */;
		};
/* End PBXTargetDependency section */

/* Begin XCBuildConfiguration section */
		6E8B7B85271F460D0040EBE2 /* Debug */ = {
			isa = XCBuildConfiguration;
			buildSettings = {
				ALWAYS_SEARCH_USER_PATHS = NO;
				CLANG_ANALYZER_NONNULL = YES;
				CLANG_ANALYZER_NUMBER_OBJECT_CONVERSION = YES_AGGRESSIVE;
				CLANG_CXX_LANGUAGE_STANDARD = "gnu++17";
				CLANG_CXX_LIBRARY = "libc++";
				CLANG_ENABLE_MODULES = YES;
				CLANG_ENABLE_OBJC_ARC = YES;
				CLANG_ENABLE_OBJC_WEAK = YES;
				CLANG_WARN_BLOCK_CAPTURE_AUTORELEASING = YES;
				CLANG_WARN_BOOL_CONVERSION = YES;
				CLANG_WARN_COMMA = YES;
				CLANG_WARN_CONSTANT_CONVERSION = YES;
				CLANG_WARN_DEPRECATED_OBJC_IMPLEMENTATIONS = YES;
				CLANG_WARN_DIRECT_OBJC_ISA_USAGE = YES_ERROR;
				CLANG_WARN_DOCUMENTATION_COMMENTS = YES;
				CLANG_WARN_EMPTY_BODY = YES;
				CLANG_WARN_ENUM_CONVERSION = YES;
				CLANG_WARN_INFINITE_RECURSION = YES;
				CLANG_WARN_INT_CONVERSION = YES;
				CLANG_WARN_NON_LITERAL_NULL_CONVERSION = YES;
				CLANG_WARN_OBJC_IMPLICIT_RETAIN_SELF = YES;
				CLANG_WARN_OBJC_LITERAL_CONVERSION = YES;
				CLANG_WARN_OBJC_ROOT_CLASS = YES_ERROR;
				CLANG_WARN_QUOTED_INCLUDE_IN_FRAMEWORK_HEADER = YES;
				CLANG_WARN_RANGE_LOOP_ANALYSIS = YES;
				CLANG_WARN_STRICT_PROTOTYPES = YES;
				CLANG_WARN_SUSPICIOUS_MOVE = YES;
				CLANG_WARN_UNGUARDED_AVAILABILITY = YES_AGGRESSIVE;
				CLANG_WARN_UNREACHABLE_CODE = YES;
				CLANG_WARN__DUPLICATE_METHOD_MATCH = YES;
				COPY_PHASE_STRIP = NO;
				DEBUG_INFORMATION_FORMAT = dwarf;
				ENABLE_STRICT_OBJC_MSGSEND = YES;
				ENABLE_TESTABILITY = YES;
				GCC_C_LANGUAGE_STANDARD = gnu11;
				GCC_DYNAMIC_NO_PIC = NO;
				GCC_NO_COMMON_BLOCKS = YES;
				GCC_OPTIMIZATION_LEVEL = 0;
				GCC_PREPROCESSOR_DEFINITIONS = (
					"DEBUG=1",
					"$(inherited)",
				);
				GCC_WARN_64_TO_32_BIT_CONVERSION = YES;
				GCC_WARN_ABOUT_RETURN_TYPE = YES_ERROR;
				GCC_WARN_UNDECLARED_SELECTOR = YES;
				GCC_WARN_UNINITIALIZED_AUTOS = YES_AGGRESSIVE;
				GCC_WARN_UNUSED_FUNCTION = YES;
				GCC_WARN_UNUSED_VARIABLE = YES;
				MACOSX_DEPLOYMENT_TARGET = 11.3;
				MTL_ENABLE_DEBUG_INFO = INCLUDE_SOURCE;
				MTL_FAST_MATH = YES;
				ONLY_ACTIVE_ARCH = YES;
				SDKROOT = macosx;
				SWIFT_ACTIVE_COMPILATION_CONDITIONS = DEBUG;
				SWIFT_OPTIMIZATION_LEVEL = "-Onone";
			};
			name = Debug;
		};
		6E8B7B86271F460D0040EBE2 /* Release */ = {
			isa = XCBuildConfiguration;
			buildSettings = {
				ALWAYS_SEARCH_USER_PATHS = NO;
				CLANG_ANALYZER_NONNULL = YES;
				CLANG_ANALYZER_NUMBER_OBJECT_CONVERSION = YES_AGGRESSIVE;
				CLANG_CXX_LANGUAGE_STANDARD = "gnu++17";
				CLANG_CXX_LIBRARY = "libc++";
				CLANG_ENABLE_MODULES = YES;
				CLANG_ENABLE_OBJC_ARC = YES;
				CLANG_ENABLE_OBJC_WEAK = YES;
				CLANG_WARN_BLOCK_CAPTURE_AUTORELEASING = YES;
				CLANG_WARN_BOOL_CONVERSION = YES;
				CLANG_WARN_COMMA = YES;
				CLANG_WARN_CONSTANT_CONVERSION = YES;
				CLANG_WARN_DEPRECATED_OBJC_IMPLEMENTATIONS = YES;
				CLANG_WARN_DIRECT_OBJC_ISA_USAGE = YES_ERROR;
				CLANG_WARN_DOCUMENTATION_COMMENTS = YES;
				CLANG_WARN_EMPTY_BODY = YES;
				CLANG_WARN_ENUM_CONVERSION = YES;
				CLANG_WARN_INFINITE_RECURSION = YES;
				CLANG_WARN_INT_CONVERSION = YES;
				CLANG_WARN_NON_LITERAL_NULL_CONVERSION = YES;
				CLANG_WARN_OBJC_IMPLICIT_RETAIN_SELF = YES;
				CLANG_WARN_OBJC_LITERAL_CONVERSION = YES;
				CLANG_WARN_OBJC_ROOT_CLASS = YES_ERROR;
				CLANG_WARN_QUOTED_INCLUDE_IN_FRAMEWORK_HEADER = YES;
				CLANG_WARN_RANGE_LOOP_ANALYSIS = YES;
				CLANG_WARN_STRICT_PROTOTYPES = YES;
				CLANG_WARN_SUSPICIOUS_MOVE = YES;
				CLANG_WARN_UNGUARDED_AVAILABILITY = YES_AGGRESSIVE;
				CLANG_WARN_UNREACHABLE_CODE = YES;
				CLANG_WARN__DUPLICATE_METHOD_MATCH = YES;
				COPY_PHASE_STRIP = NO;
				DEBUG_INFORMATION_FORMAT = "dwarf-with-dsym";
				ENABLE_NS_ASSERTIONS = NO;
				ENABLE_STRICT_OBJC_MSGSEND = YES;
				GCC_C_LANGUAGE_STANDARD = gnu11;
				GCC_NO_COMMON_BLOCKS = YES;
				GCC_WARN_64_TO_32_BIT_CONVERSION = YES;
				GCC_WARN_ABOUT_RETURN_TYPE = YES_ERROR;
				GCC_WARN_UNDECLARED_SELECTOR = YES;
				GCC_WARN_UNINITIALIZED_AUTOS = YES_AGGRESSIVE;
				GCC_WARN_UNUSED_FUNCTION = YES;
				GCC_WARN_UNUSED_VARIABLE = YES;
				MACOSX_DEPLOYMENT_TARGET = 11.3;
				MTL_ENABLE_DEBUG_INFO = NO;
				MTL_FAST_MATH = YES;
				SDKROOT = macosx;
				SWIFT_COMPILATION_MODE = wholemodule;
				SWIFT_OPTIMIZATION_LEVEL = "-O";
			};
			name = Release;
		};
		6E8B7B88271F460D0040EBE2 /* Debug */ = {
			isa = XCBuildConfiguration;
			buildSettings = {
				ASSETCATALOG_COMPILER_APPICON_NAME = AppIcon;
				ASSETCATALOG_COMPILER_GLOBAL_ACCENT_COLOR_NAME = AccentColor;
				CODE_SIGN_ENTITLEMENTS = "Sequence Analysis/Sequence_Analysis.entitlements";
				CODE_SIGN_STYLE = Automatic;
				COMBINE_HIDPI_IMAGES = YES;
				CURRENT_PROJECT_VERSION = 1;
				DEVELOPMENT_ASSET_PATHS = "\"Sequence Analysis/Preview Content\"";
				DEVELOPMENT_TEAM = UNGG566GL9;
				ENABLE_HARDENED_RUNTIME = YES;
				ENABLE_PREVIEWS = YES;
				GENERATE_INFOPLIST_FILE = YES;
				INFOPLIST_KEY_NSHumanReadableCopyright = "";
				LD_RUNPATH_SEARCH_PATHS = (
					"$(inherited)",
					"@executable_path/../Frameworks",
				);
				MACOSX_DEPLOYMENT_TARGET = 11.0;
				MARKETING_VERSION = 1.0;
				PRODUCT_BUNDLE_IDENTIFIER = "com.informagen.Sequence-Analysis";
				PRODUCT_NAME = "$(TARGET_NAME)";
				SWIFT_EMIT_LOC_STRINGS = YES;
				SWIFT_VERSION = 5.0;
			};
			name = Debug;
		};
		6E8B7B89271F460D0040EBE2 /* Release */ = {
			isa = XCBuildConfiguration;
			buildSettings = {
				ASSETCATALOG_COMPILER_APPICON_NAME = AppIcon;
				ASSETCATALOG_COMPILER_GLOBAL_ACCENT_COLOR_NAME = AccentColor;
				CODE_SIGN_ENTITLEMENTS = "Sequence Analysis/Sequence_Analysis.entitlements";
				CODE_SIGN_STYLE = Automatic;
				COMBINE_HIDPI_IMAGES = YES;
				CURRENT_PROJECT_VERSION = 1;
				DEVELOPMENT_ASSET_PATHS = "\"Sequence Analysis/Preview Content\"";
				DEVELOPMENT_TEAM = UNGG566GL9;
				ENABLE_HARDENED_RUNTIME = YES;
				ENABLE_PREVIEWS = YES;
				GENERATE_INFOPLIST_FILE = YES;
				INFOPLIST_KEY_NSHumanReadableCopyright = "";
				LD_RUNPATH_SEARCH_PATHS = (
					"$(inherited)",
					"@executable_path/../Frameworks",
				);
				MACOSX_DEPLOYMENT_TARGET = 11.0;
				MARKETING_VERSION = 1.0;
				PRODUCT_BUNDLE_IDENTIFIER = "com.informagen.Sequence-Analysis";
				PRODUCT_NAME = "$(TARGET_NAME)";
				SWIFT_EMIT_LOC_STRINGS = YES;
				SWIFT_VERSION = 5.0;
			};
			name = Release;
		};
		6E8B7B8B271F460D0040EBE2 /* Debug */ = {
			isa = XCBuildConfiguration;
			buildSettings = {
				ALWAYS_EMBED_SWIFT_STANDARD_LIBRARIES = YES;
				BUNDLE_LOADER = "$(TEST_HOST)";
				CODE_SIGN_STYLE = Automatic;
				COMBINE_HIDPI_IMAGES = YES;
				CURRENT_PROJECT_VERSION = 1;
				DEVELOPMENT_TEAM = UNGG566GL9;
				GENERATE_INFOPLIST_FILE = YES;
				LD_RUNPATH_SEARCH_PATHS = (
					"$(inherited)",
					"@executable_path/../Frameworks",
					"@loader_path/../Frameworks",
				);
				MACOSX_DEPLOYMENT_TARGET = 11.0;
				MARKETING_VERSION = 1.0;
				PRODUCT_BUNDLE_IDENTIFIER = "com.informagen.Sequence-AnalysisTests";
				PRODUCT_NAME = "$(TARGET_NAME)";
				SWIFT_EMIT_LOC_STRINGS = NO;
				SWIFT_VERSION = 5.0;
				TEST_HOST = "$(BUILT_PRODUCTS_DIR)/Sequence Analysis.app/Contents/MacOS/Sequence Analysis";
			};
			name = Debug;
		};
		6E8B7B8C271F460D0040EBE2 /* Release */ = {
			isa = XCBuildConfiguration;
			buildSettings = {
				ALWAYS_EMBED_SWIFT_STANDARD_LIBRARIES = YES;
				BUNDLE_LOADER = "$(TEST_HOST)";
				CODE_SIGN_STYLE = Automatic;
				COMBINE_HIDPI_IMAGES = YES;
				CURRENT_PROJECT_VERSION = 1;
				DEVELOPMENT_TEAM = UNGG566GL9;
				GENERATE_INFOPLIST_FILE = YES;
				LD_RUNPATH_SEARCH_PATHS = (
					"$(inherited)",
					"@executable_path/../Frameworks",
					"@loader_path/../Frameworks",
				);
				MACOSX_DEPLOYMENT_TARGET = 11.0;
				MARKETING_VERSION = 1.0;
				PRODUCT_BUNDLE_IDENTIFIER = "com.informagen.Sequence-AnalysisTests";
				PRODUCT_NAME = "$(TARGET_NAME)";
				SWIFT_EMIT_LOC_STRINGS = NO;
				SWIFT_VERSION = 5.0;
				TEST_HOST = "$(BUILT_PRODUCTS_DIR)/Sequence Analysis.app/Contents/MacOS/Sequence Analysis";
			};
			name = Release;
		};
		6E8B7B8E271F460D0040EBE2 /* Debug */ = {
			isa = XCBuildConfiguration;
			buildSettings = {
				ALWAYS_EMBED_SWIFT_STANDARD_LIBRARIES = YES;
				CODE_SIGN_STYLE = Automatic;
				COMBINE_HIDPI_IMAGES = YES;
				CURRENT_PROJECT_VERSION = 1;
				DEVELOPMENT_TEAM = UNGG566GL9;
				GENERATE_INFOPLIST_FILE = YES;
				LD_RUNPATH_SEARCH_PATHS = (
					"$(inherited)",
					"@executable_path/../Frameworks",
					"@loader_path/../Frameworks",
				);
				MARKETING_VERSION = 1.0;
				PRODUCT_BUNDLE_IDENTIFIER = "com.informagen.Sequence-AnalysisUITests";
				PRODUCT_NAME = "$(TARGET_NAME)";
				SWIFT_EMIT_LOC_STRINGS = NO;
				SWIFT_VERSION = 5.0;
				TEST_TARGET_NAME = "Sequence Analysis";
			};
			name = Debug;
		};
		6E8B7B8F271F460D0040EBE2 /* Release */ = {
			isa = XCBuildConfiguration;
			buildSettings = {
				ALWAYS_EMBED_SWIFT_STANDARD_LIBRARIES = YES;
				CODE_SIGN_STYLE = Automatic;
				COMBINE_HIDPI_IMAGES = YES;
				CURRENT_PROJECT_VERSION = 1;
				DEVELOPMENT_TEAM = UNGG566GL9;
				GENERATE_INFOPLIST_FILE = YES;
				LD_RUNPATH_SEARCH_PATHS = (
					"$(inherited)",
					"@executable_path/../Frameworks",
					"@loader_path/../Frameworks",
				);
				MARKETING_VERSION = 1.0;
				PRODUCT_BUNDLE_IDENTIFIER = "com.informagen.Sequence-AnalysisUITests";
				PRODUCT_NAME = "$(TARGET_NAME)";
				SWIFT_EMIT_LOC_STRINGS = NO;
				SWIFT_VERSION = 5.0;
				TEST_TARGET_NAME = "Sequence Analysis";
			};
			name = Release;
		};
/* End XCBuildConfiguration section */

/* Begin XCConfigurationList section */
		6E8B7B5D271F460B0040EBE2 /* Build configuration list for PBXProject "Sequence Analysis" */ = {
			isa = XCConfigurationList;
			buildConfigurations = (
				6E8B7B85271F460D0040EBE2 /* Debug */,
				6E8B7B86271F460D0040EBE2 /* Release */,
			);
			defaultConfigurationIsVisible = 0;
			defaultConfigurationName = Release;
		};
		6E8B7B87271F460D0040EBE2 /* Build configuration list for PBXNativeTarget "Sequence Analysis" */ = {
			isa = XCConfigurationList;
			buildConfigurations = (
				6E8B7B88271F460D0040EBE2 /* Debug */,
				6E8B7B89271F460D0040EBE2 /* Release */,
			);
			defaultConfigurationIsVisible = 0;
			defaultConfigurationName = Release;
		};
		6E8B7B8A271F460D0040EBE2 /* Build configuration list for PBXNativeTarget "Sequence AnalysisTests" */ = {
			isa = XCConfigurationList;
			buildConfigurations = (
				6E8B7B8B271F460D0040EBE2 /* Debug */,
				6E8B7B8C271F460D0040EBE2 /* Release */,
			);
			defaultConfigurationIsVisible = 0;
			defaultConfigurationName = Release;
		};
		6E8B7B8D271F460D0040EBE2 /* Build configuration list for PBXNativeTarget "Sequence AnalysisUITests" */ = {
			isa = XCConfigurationList;
			buildConfigurations = (
				6E8B7B8E271F460D0040EBE2 /* Debug */,
				6E8B7B8F271F460D0040EBE2 /* Release */,
			);
			defaultConfigurationIsVisible = 0;
			defaultConfigurationName = Release;
		};
/* End XCConfigurationList section */
	};
	rootObject = 6E8B7B5A271F460B0040EBE2 /* Project object */;
}
